<Solution>
  <Folder Name="/src/">
    <Project Path="RifeOS.Apps.Overview/RifeOS.Apps.Overview.csproj" Id="e054d35d-8333-4ee6-bf1c-8bd088981035" />
    <Project Path="src/RifeOS.Apps.Settings/RifeOS.Apps.Settings.csproj" />
    <Project Path="src/RifeOS.Apps.Tasks/RifeOS.Apps.Tasks.csproj" />
    <Project Path="src/RifeOS.Host/RifeOS.Host.csproj" />
    <Project Path="src/RifeOS.SDK/RifeOS.SDK.csproj" />
  </Folder>
</Solution>
